# generated by rye
# use `rye lock` or `rye sync` to update this lockfile
#
# last locked with the following flags:
#   pre: false
#   features: []
#   all-features: false
#   with-sources: false

-e file:.
-e file:tests/test_module
asttokens==2.4.1
    # via stack-data
cfgv==3.4.0
    # via pre-commit
colorama==0.4.6
    # via ipython
    # via pytest
comm==0.2.2
    # via ipykernel
coverage==7.5.1
    # via pytest-cov
debugpy==1.8.1
    # via ipykernel
decorator==5.1.1
    # via ipython
distlib==0.3.8
    # via virtualenv
exceptiongroup==1.2.1
    # via ipython
    # via pytest
executing==2.0.1
    # via stack-data
filelock==3.14.0
    # via virtualenv
identify==2.5.36
    # via pre-commit
iniconfig==2.0.0
    # via pytest
ipykernel==6.29.4
ipython==8.24.0
    # via ipykernel
jedi==0.19.1
    # via ipython
jinja2==3.1.4
    # via jinja2-embedded
jupyter-client==8.6.1
    # via ipykernel
jupyter-core==5.7.2
    # via ipykernel
    # via jupyter-client
markupsafe==2.1.5
    # via jinja2
matplotlib-inline==0.1.7
    # via ipykernel
    # via ipython
mypy==1.10.0
mypy-extensions==1.0.0
    # via mypy
nest-asyncio==1.6.0
    # via ipykernel
nodeenv==1.8.0
    # via pre-commit
packaging==24.0
    # via ipykernel
    # via pytest
parso==0.8.4
    # via jedi
platformdirs==4.2.1
    # via jupyter-core
    # via virtualenv
pluggy==1.5.0
    # via pytest
pre-commit==3.7.1
prompt-toolkit==3.0.43
    # via ipython
psutil==5.9.8
    # via ipykernel
pure-eval==0.2.2
    # via stack-data
pygments==2.18.0
    # via ipython
pyoxidizer==0.24.0
pytest==8.2.0
    # via pytest-cov
    # via test-module
pytest-cov==5.0.0
python-dateutil==2.9.0.post0
    # via jupyter-client
pywin32==306
    # via jupyter-core
pyyaml==6.0.1
    # via pre-commit
pyzmq==26.0.3
    # via ipykernel
    # via jupyter-client
setuptools==69.5.1
    # via nodeenv
six==1.16.0
    # via asttokens
    # via python-dateutil
stack-data==0.6.3
    # via ipython
tomli==2.0.1
    # via coverage
    # via mypy
    # via pytest
tornado==6.4
    # via ipykernel
    # via jupyter-client
traitlets==5.14.3
    # via comm
    # via ipykernel
    # via ipython
    # via jupyter-client
    # via jupyter-core
    # via matplotlib-inline
typing-extensions==4.11.0
    # via ipython
    # via mypy
virtualenv==20.26.1
    # via pre-commit
wcwidth==0.2.13
    # via prompt-toolkit
